
Microsoft Visual Studio Solution File, Format Version 12.00
# Visual Studio Version 16
VisualStudioVersion = 16.0.30907.101
MinimumVisualStudioVersion = 10.0.40219.1
Project("{FAE04EC0-301F-11D3-BF4B-00C04F79EFBC}") = "Exercício 4 M", "Exercício 4 M\Exercício 4 M.csproj", "{0EDE9FB2-CF0F-49D2-8B5F-23EC19659D2D}"
EndProject
Global
	GlobalSection(SolutionConfigurationPlatforms) = preSolution
		Debug|Any CPU = Debug|Any CPU
		Release|Any CPU = Release|Any CPU
	EndGlobalSection
	GlobalSection(ProjectConfigurationPlatforms) = postSolution
		{0EDE9FB2-CF0F-49D2-8B5F-23EC19659D2D}.Debug|Any CPU.ActiveCfg = Debug|Any CPU
		{0EDE9FB2-CF0F-49D2-8B5F-23EC19659D2D}.Debug|Any CPU.Build.0 = Debug|Any CPU
		{0EDE9FB2-CF0F-49D2-8B5F-23EC19659D2D}.Release|Any CPU.ActiveCfg = Release|Any CPU
		{0EDE9FB2-CF0F-49D2-8B5F-23EC19659D2D}.Release|Any CPU.Build.0 = Release|Any CPU
	EndGlobalSection
	GlobalSection(SolutionProperties) = preSolution
		HideSolutionNode = FALSE
	EndGlobalSection
	GlobalSection(ExtensibilityGlobals) = postSolution
		SolutionGuid = {06E80431-B811-4E22-80CB-2260162A600A}
	EndGlobalSection
EndGlobal
